// !$*UTF8*$!
{
	archiveVersion = 1;
	classes = {
	};
	objectVersion = 50;
	objects = {

/* Begin PBXBuildFile section */
		FF29C0EF24B60209008E0B48 /* AppDelegate.swift in Sources */ = {isa = PBXBuildFile; fileRef = FF29C0EE24B60209008E0B48 /* AppDelegate.swift */; };
		FF29C0F124B60209008E0B48 /* SceneDelegate.swift in Sources */ = {isa = PBXBuildFile; fileRef = FF29C0F024B60209008E0B48 /* SceneDelegate.swift */; };
		FF29C0F324B60209008E0B48 /* ViewController.swift in Sources */ = {isa = PBXBuildFile; fileRef = FF29C0F224B60209008E0B48 /* ViewController.swift */; };
		FF29C0F624B60209008E0B48 /* Main.storyboard in Resources */ = {isa = PBXBuildFile; fileRef = FF29C0F424B60209008E0B48 /* Main.storyboard */; };
		FF29C0F824B6020C008E0B48 /* Assets.xcassets in Resources */ = {isa = PBXBuildFile; fileRef = FF29C0F724B6020C008E0B48 /* Assets.xcassets */; };
		FF29C0FB24B6020C008E0B48 /* LaunchScreen.storyboard in Resources */ = {isa = PBXBuildFile; fileRef = FF29C0F924B6020C008E0B48 /* LaunchScreen.storyboard */; };
		FF29C10624B6020C008E0B48 /* MemoryTests.swift in Sources */ = {isa = PBXBuildFile; fileRef = FF29C10524B6020C008E0B48 /* MemoryTests.swift */; };
		FF29C11124B6020C008E0B48 /* MemoryUITests.swift in Sources */ = {isa = PBXBuildFile; fileRef = FF29C11024B6020C008E0B48 /* MemoryUITests.swift */; };
/* End PBXBuildFile section */

/* Begin PBXContainerItemProxy section */
		FF29C10224B6020C008E0B48 /* PBXContainerItemProxy */ = {
			isa = PBXContainerItemProxy;
			containerPortal = FF29C0E324B60209008E0B48 /* Project object */;
			proxyType = 1;
			remoteGlobalIDString = FF29C0EA24B60209008E0B48;
			remoteInfo = Memory;
		};
		FF29C10D24B6020C008E0B48 /* PBXContainerItemProxy */ = {
			isa = PBXContainerItemProxy;
			containerPortal = FF29C0E324B60209008E0B48 /* Project object */;
			proxyType = 1;
			remoteGlobalIDString = FF29C0EA24B60209008E0B48;
			remoteInfo = Memory;
		};
/* End PBXContainerItemProxy section */

/* Begin PBXFileReference section */
		FF29C0EB24B60209008E0B48 /* Memory.app */ = {isa = PBXFileReference; explicitFileType = wrapper.application; includeInIndex = 0; path = Memory.app; sourceTree = BUILT_PRODUCTS_DIR; };
		FF29C0EE24B60209008E0B48 /* AppDelegate.swift */ = {isa = PBXFileReference; lastKnownFileType = sourcecode.swift; path = AppDelegate.swift; sourceTree = "<group>"; };
		FF29C0F024B60209008E0B48 /* SceneDelegate.swift */ = {isa = PBXFileReference; lastKnownFileType = sourcecode.swift; path = SceneDelegate.swift; sourceTree = "<group>"; };
		FF29C0F224B60209008E0B48 /* ViewController.swift */ = {isa = PBXFileReference; lastKnownFileType = sourcecode.swift; path = ViewController.swift; sourceTree = "<group>"; };
		FF29C0F524B60209008E0B48 /* Base */ = {isa = PBXFileReference; lastKnownFileType = file.storyboard; name = Base; path = Base.lproj/Main.storyboard; sourceTree = "<group>"; };
		FF29C0F724B6020C008E0B48 /* Assets.xcassets */ = {isa = PBXFileReference; lastKnownFileType = folder.assetcatalog; path = Assets.xcassets; sourceTree = "<group>"; };
		FF29C0FA24B6020C008E0B48 /* Base */ = {isa = PBXFileReference; lastKnownFileType = file.storyboard; name = Base; path = Base.lproj/LaunchScreen.storyboard; sourceTree = "<group>"; };
		FF29C0FC24B6020C008E0B48 /* Info.plist */ = {isa = PBXFileReference; lastKnownFileType = text.plist.xml; path = Info.plist; sourceTree = "<group>"; };
		FF29C10124B6020C008E0B48 /* MemoryTests.xctest */ = {isa = PBXFileReference; explicitFileType = wrapper.cfbundle; includeInIndex = 0; path = MemoryTests.xctest; sourceTree = BUILT_PRODUCTS_DIR; };
		FF29C10524B6020C008E0B48 /* MemoryTests.swift */ = {isa = PBXFileReference; lastKnownFileType = sourcecode.swift; path = MemoryTests.swift; sourceTree = "<group>"; };
		FF29C10724B6020C008E0B48 /* Info.plist */ = {isa = PBXFileReference; lastKnownFileType = text.plist.xml; path = Info.plist; sourceTree = "<group>"; };
		FF29C10C24B6020C008E0B48 /* MemoryUITests.xctest */ = {isa = PBXFileReference; explicitFileType = wrapper.cfbundle; includeInIndex = 0; path = MemoryUITests.xctest; sourceTree = BUILT_PRODUCTS_DIR; };
		FF29C11024B6020C008E0B48 /* MemoryUITests.swift */ = {isa = PBXFileReference; lastKnownFileType = sourcecode.swift; path = MemoryUITests.swift; sourceTree = "<group>"; };
		FF29C11224B6020C008E0B48 /* Info.plist */ = {isa = PBXFileReference; lastKnownFileType = text.plist.xml; path = Info.plist; sourceTree = "<group>"; };
/* End PBXFileReference section */

/* Begin PBXFrameworksBuildPhase section */
		FF29C0E824B60209008E0B48 /* Frameworks */ = {
			isa = PBXFrameworksBuildPhase;
			buildActionMask = 2147483647;
			files = (
			);
			runOnlyForDeploymentPostprocessing = 0;
		};
		FF29C0FE24B6020C008E0B48 /* Frameworks */ = {
			isa = PBXFrameworksBuildPhase;
			buildActionMask = 2147483647;
			files = (
			);
			runOnlyForDeploymentPostprocessing = 0;
		};
		FF29C10924B6020C008E0B48 /* Frameworks */ = {
			isa = PBXFrameworksBuildPhase;
			buildActionMask = 2147483647;
			files = (
			);
			runOnlyForDeploymentPostprocessing = 0;
		};
/* End PBXFrameworksBuildPhase section */

/* Begin PBXGroup section */
		FF29C0E224B60209008E0B48 = {
			isa = PBXGroup;
			children = (
				FF29C0ED24B60209008E0B48 /* Memory */,
				FF29C10424B6020C008E0B48 /* MemoryTests */,
				FF29C10F24B6020C008E0B48 /* MemoryUITests */,
				FF29C0EC24B60209008E0B48 /* Products */,
			);
			sourceTree = "<group>";
		};
		FF29C0EC24B60209008E0B48 /* Products */ = {
			isa = PBXGroup;
			children = (
				FF29C0EB24B60209008E0B48 /* Memory.app */,
				FF29C10124B6020C008E0B48 /* MemoryTests.xctest */,
				FF29C10C24B6020C008E0B48 /* MemoryUITests.xctest */,
			);
			name = Products;
			sourceTree = "<group>";
		};
		FF29C0ED24B60209008E0B48 /* Memory */ = {
			isa = PBXGroup;
			children = (
				FF29C0EE24B60209008E0B48 /* AppDelegate.swift */,
				FF29C0F024B60209008E0B48 /* SceneDelegate.swift */,
				FF29C0F224B60209008E0B48 /* ViewController.swift */,
				FF29C0F424B60209008E0B48 /* Main.storyboard */,
				FF29C0F724B6020C008E0B48 /* Assets.xcassets */,
				FF29C0F924B6020C008E0B48 /* LaunchScreen.storyboard */,
				FF29C0FC24B6020C008E0B48 /* Info.plist */,
			);
			path = Memory;
			sourceTree = "<group>";
		};
		FF29C10424B6020C008E0B48 /* MemoryTests */ = {
			isa = PBXGroup;
			children = (
				FF29C10524B6020C008E0B48 /* MemoryTests.swift */,
				FF29C10724B6020C008E0B48 /* Info.plist */,
			);
			path = MemoryTests;
			sourceTree = "<group>";
		};
		FF29C10F24B6020C008E0B48 /* MemoryUITests */ = {
			isa = PBXGroup;
			children = (
				FF29C11024B6020C008E0B48 /* MemoryUITests.swift */,
				FF29C11224B6020C008E0B48 /* Info.plist */,
			);
			path = MemoryUITests;
			sourceTree = "<group>";
		};
/* End PBXGroup section */

/* Begin PBXNativeTarget section */
		FF29C0EA24B60209008E0B48 /* Memory */ = {
			isa = PBXNativeTarget;
			buildConfigurationList = FF29C11524B6020C008E0B48 /* Build configuration list for PBXNativeTarget "Memory" */;
			buildPhases = (
				FF29C0E724B60209008E0B48 /* Sources */,
				FF29C0E824B60209008E0B48 /* Frameworks */,
				FF29C0E924B60209008E0B48 /* Resources */,
			);
			buildRules = (
			);
			dependencies = (
			);
			name = Memory;
			productName = Memory;
			productReference = FF29C0EB24B60209008E0B48 /* Memory.app */;
			productType = "com.apple.product-type.application";
		};
		FF29C10024B6020C008E0B48 /* MemoryTests */ = {
			isa = PBXNativeTarget;
			buildConfigurationList = FF29C11824B6020C008E0B48 /* Build configuration list for PBXNativeTarget "MemoryTests" */;
			buildPhases = (
				FF29C0FD24B6020C008E0B48 /* Sources */,
				FF29C0FE24B6020C008E0B48 /* Frameworks */,
				FF29C0FF24B6020C008E0B48 /* Resources */,
			);
			buildRules = (
			);
			dependencies = (
				FF29C10324B6020C008E0B48 /* PBXTargetDependency */,
			);
			name = MemoryTests;
			productName = MemoryTests;
			productReference = FF29C10124B6020C008E0B48 /* MemoryTests.xctest */;
			productType = "com.apple.product-type.bundle.unit-test";
		};
		FF29C10B24B6020C008E0B48 /* MemoryUITests */ = {
			isa = PBXNativeTarget;
			buildConfigurationList = FF29C11B24B6020C008E0B48 /* Build configuration list for PBXNativeTarget "MemoryUITests" */;
			buildPhases = (
				FF29C10824B6020C008E0B48 /* Sources */,
				FF29C10924B6020C008E0B48 /* Frameworks */,
				FF29C10A24B6020C008E0B48 /* Resources */,
			);
			buildRules = (
			);
			dependencies = (
				FF29C10E24B6020C008E0B48 /* PBXTargetDependency */,
			);
			name = MemoryUITests;
			productName = MemoryUITests;
			productReference = FF29C10C24B6020C008E0B48 /* MemoryUITests.xctest */;
			productType = "com.apple.product-type.bundle.ui-testing";
		};
/* End PBXNativeTarget section */

/* Begin PBXProject section */
		FF29C0E324B60209008E0B48 /* Project object */ = {
			isa = PBXProject;
			attributes = {
				LastSwiftUpdateCheck = 1150;
				LastUpgradeCheck = 1150;
				ORGANIZATIONNAME = "Chris Withers";
				TargetAttributes = {
					FF29C0EA24B60209008E0B48 = {
						CreatedOnToolsVersion = 11.5;
					};
					FF29C10024B6020C008E0B48 = {
						CreatedOnToolsVersion = 11.5;
						TestTargetID = FF29C0EA24B60209008E0B48;
					};
					FF29C10B24B6020C008E0B48 = {
						CreatedOnToolsVersion = 11.5;
						TestTargetID = FF29C0EA24B60209008E0B48;
					};
				};
			};
			buildConfigurationList = FF29C0E624B60209008E0B48 /* Build configuration list for PBXProject "Memory" */;
			compatibilityVersion = "Xcode 9.3";
			developmentRegion = en;
			hasScannedForEncodings = 0;
			knownRegions = (
				en,
				Base,
			);
			mainGroup = FF29C0E224B60209008E0B48;
			productRefGroup = FF29C0EC24B60209008E0B48 /* Products */;
			projectDirPath = "";
			projectRoot = "";
			targets = (
				FF29C0EA24B60209008E0B48 /* Memory */,
				FF29C10024B6020C008E0B48 /* MemoryTests */,
				FF29C10B24B6020C008E0B48 /* MemoryUITests */,
			);
		};
/* End PBXProject section */

/* Begin PBXResourcesBuildPhase section */
		FF29C0E924B60209008E0B48 /* Resources */ = {
			isa = PBXResourcesBuildPhase;
			buildActionMask = 2147483647;
			files = (
				FF29C0FB24B6020C008E0B48 /* LaunchScreen.storyboard in Resources */,
				FF29C0F824B6020C008E0B48 /* Assets.xcassets in Resources */,
				FF29C0F624B60209008E0B48 /* Main.storyboard in Resources */,
			);
			runOnlyForDeploymentPostprocessing = 0;
		};
		FF29C0FF24B6020C008E0B48 /* Resources */ = {
			isa = PBXResourcesBuildPhase;
			buildActionMask = 2147483647;
			files = (
			);
			runOnlyForDeploymentPostprocessing = 0;
		};
		FF29C10A24B6020C008E0B48 /* Resources */ = {
			isa = PBXResourcesBuildPhase;
			buildActionMask = 2147483647;
			files = (
			);
			runOnlyForDeploymentPostprocessing = 0;
		};
/* End PBXResourcesBuildPhase section */

/* Begin PBXSourcesBuildPhase section */
		FF29C0E724B60209008E0B48 /* Sources */ = {
			isa = PBXSourcesBuildPhase;
			buildActionMask = 2147483647;
			files = (
				FF29C0F324B60209008E0B48 /* ViewController.swift in Sources */,
				FF29C0EF24B60209008E0B48 /* AppDelegate.swift in Sources */,
				FF29C0F124B60209008E0B48 /* SceneDelegate.swift in Sources */,
			);
			runOnlyForDeploymentPostprocessing = 0;
		};
		FF29C0FD24B6020C008E0B48 /* Sources */ = {
			isa = PBXSourcesBuildPhase;
			buildActionMask = 2147483647;
			files = (
				FF29C10624B6020C008E0B48 /* MemoryTests.swift in Sources */,
			);
			runOnlyForDeploymentPostprocessing = 0;
		};
		FF29C10824B6020C008E0B48 /* Sources */ = {
			isa = PBXSourcesBuildPhase;
			buildActionMask = 2147483647;
			files = (
				FF29C11124B6020C008E0B48 /* MemoryUITests.swift in Sources */,
			);
			runOnlyForDeploymentPostprocessing = 0;
		};
/* End PBXSourcesBuildPhase section */

/* Begin PBXTargetDependency section */
		FF29C10324B6020C008E0B48 /* PBXTargetDependency */ = {
			isa = PBXTargetDependency;
			target = FF29C0EA24B60209008E0B48 /* Memory */;
			targetProxy = FF29C10224B6020C008E0B48 /* PBXContainerItemProxy */;
		};
		FF29C10E24B6020C008E0B48 /* PBXTargetDependency */ = {
			isa = PBXTargetDependency;
			target = FF29C0EA24B60209008E0B48 /* Memory */;
			targetProxy = FF29C10D24B6020C008E0B48 /* PBXContainerItemProxy */;
		};
/* End PBXTargetDependency section */

/* Begin PBXVariantGroup section */
		FF29C0F424B60209008E0B48 /* Main.storyboard */ = {
			isa = PBXVariantGroup;
			children = (
				FF29C0F524B60209008E0B48 /* Base */,
			);
			name = Main.storyboard;
			sourceTree = "<group>";
		};
		FF29C0F924B6020C008E0B48 /* LaunchScreen.storyboard */ = {
			isa = PBXVariantGroup;
			children = (
				FF29C0FA24B6020C008E0B48 /* Base */,
			);
			name = LaunchScreen.storyboard;
			sourceTree = "<group>";
		};
/* End PBXVariantGroup section */

/* Begin XCBuildConfiguration section */
		FF29C11324B6020C008E0B48 /* Debug */ = {
			isa = XCBuildConfiguration;
			buildSettings = {
				ALWAYS_SEARCH_USER_PATHS = NO;
				CLANG_ANALYZER_NONNULL = YES;
				CLANG_ANALYZER_NUMBER_OBJECT_CONVERSION = YES_AGGRESSIVE;
				CLANG_CXX_LANGUAGE_STANDARD = "gnu++14";
				CLANG_CXX_LIBRARY = "libc++";
				CLANG_ENABLE_MODULES = YES;
				CLANG_ENABLE_OBJC_ARC = YES;
				CLANG_ENABLE_OBJC_WEAK = YES;
				CLANG_WARN_BLOCK_CAPTURE_AUTORELEASING = YES;
				CLANG_WARN_BOOL_CONVERSION = YES;
				CLANG_WARN_COMMA = YES;
				CLANG_WARN_CONSTANT_CONVERSION = YES;
				CLANG_WARN_DEPRECATED_OBJC_IMPLEMENTATIONS = YES;
				CLANG_WARN_DIRECT_OBJC_ISA_USAGE = YES_ERROR;
				CLANG_WARN_DOCUMENTATION_COMMENTS = YES;
				CLANG_WARN_EMPTY_BODY = YES;
				CLANG_WARN_ENUM_CONVERSION = YES;
				CLANG_WARN_INFINITE_RECURSION = YES;
				CLANG_WARN_INT_CONVERSION = YES;
				CLANG_WARN_NON_LITERAL_NULL_CONVERSION = YES;
				CLANG_WARN_OBJC_IMPLICIT_RETAIN_SELF = YES;
				CLANG_WARN_OBJC_LITERAL_CONVERSION = YES;
				CLANG_WARN_OBJC_ROOT_CLASS = YES_ERROR;
				CLANG_WARN_RANGE_LOOP_ANALYSIS = YES;
				CLANG_WARN_STRICT_PROTOTYPES = YES;
				CLANG_WARN_SUSPICIOUS_MOVE = YES;
				CLANG_WARN_UNGUARDED_AVAILABILITY = YES_AGGRESSIVE;
				CLANG_WARN_UNREACHABLE_CODE = YES;
				CLANG_WARN__DUPLICATE_METHOD_MATCH = YES;
				COPY_PHASE_STRIP = NO;
				DEBUG_INFORMATION_FORMAT = dwarf;
				ENABLE_STRICT_OBJC_MSGSEND = YES;
				ENABLE_TESTABILITY = YES;
				GCC_C_LANGUAGE_STANDARD = gnu11;
				GCC_DYNAMIC_NO_PIC = NO;
				GCC_NO_COMMON_BLOCKS = YES;
				GCC_OPTIMIZATION_LEVEL = 0;
				GCC_PREPROCESSOR_DEFINITIONS = (
					"DEBUG=1",
					"$(inherited)",
				);
				GCC_WARN_64_TO_32_BIT_CONVERSION = YES;
				GCC_WARN_ABOUT_RETURN_TYPE = YES_ERROR;
				GCC_WARN_UNDECLARED_SELECTOR = YES;
				GCC_WARN_UNINITIALIZED_AUTOS = YES_AGGRESSIVE;
				GCC_WARN_UNUSED_FUNCTION = YES;
				GCC_WARN_UNUSED_VARIABLE = YES;
				IPHONEOS_DEPLOYMENT_TARGET = 13.5;
				MTL_ENABLE_DEBUG_INFO = INCLUDE_SOURCE;
				MTL_FAST_MATH = YES;
				ONLY_ACTIVE_ARCH = YES;
				SDKROOT = iphoneos;
				SWIFT_ACTIVE_COMPILATION_CONDITIONS = DEBUG;
				SWIFT_OPTIMIZATION_LEVEL = "-Onone";
			};
			name = Debug;
		};
		FF29C11424B6020C008E0B48 /* Release */ = {
			isa = XCBuildConfiguration;
			buildSettings = {
				ALWAYS_SEARCH_USER_PATHS = NO;
				CLANG_ANALYZER_NONNULL = YES;
				CLANG_ANALYZER_NUMBER_OBJECT_CONVERSION = YES_AGGRESSIVE;
				CLANG_CXX_LANGUAGE_STANDARD = "gnu++14";
				CLANG_CXX_LIBRARY = "libc++";
				CLANG_ENABLE_MODULES = YES;
				CLANG_ENABLE_OBJC_ARC = YES;
				CLANG_ENABLE_OBJC_WEAK = YES;
				CLANG_WARN_BLOCK_CAPTURE_AUTORELEASING = YES;
				CLANG_WARN_BOOL_CONVERSION = YES;
				CLANG_WARN_COMMA = YES;
				CLANG_WARN_CONSTANT_CONVERSION = YES;
				CLANG_WARN_DEPRECATED_OBJC_IMPLEMENTATIONS = YES;
				CLANG_WARN_DIRECT_OBJC_ISA_USAGE = YES_ERROR;
				CLANG_WARN_DOCUMENTATION_COMMENTS = YES;
				CLANG_WARN_EMPTY_BODY = YES;
				CLANG_WARN_ENUM_CONVERSION = YES;
				CLANG_WARN_INFINITE_RECURSION = YES;
				CLANG_WARN_INT_CONVERSION = YES;
				CLANG_WARN_NON_LITERAL_NULL_CONVERSION = YES;
				CLANG_WARN_OBJC_IMPLICIT_RETAIN_SELF = YES;
				CLANG_WARN_OBJC_LITERAL_CONVERSION = YES;
				CLANG_WARN_OBJC_ROOT_CLASS = YES_ERROR;
				CLANG_WARN_RANGE_LOOP_ANALYSIS = YES;
				CLANG_WARN_STRICT_PROTOTYPES = YES;
				CLANG_WARN_SUSPICIOUS_MOVE = YES;
				CLANG_WARN_UNGUARDED_AVAILABILITY = YES_AGGRESSIVE;
				CLANG_WARN_UNREACHABLE_CODE = YES;
				CLANG_WARN__DUPLICATE_METHOD_MATCH = YES;
				COPY_PHASE_STRIP = NO;
				DEBUG_INFORMATION_FORMAT = "dwarf-with-dsym";
				ENABLE_NS_ASSERTIONS = NO;
				ENABLE_STRICT_OBJC_MSGSEND = YES;
				GCC_C_LANGUAGE_STANDARD = gnu11;
				GCC_NO_COMMON_BLOCKS = YES;
				GCC_WARN_64_TO_32_BIT_CONVERSION = YES;
				GCC_WARN_ABOUT_RETURN_TYPE = YES_ERROR;
				GCC_WARN_UNDECLARED_SELECTOR = YES;
				GCC_WARN_UNINITIALIZED_AUTOS = YES_AGGRESSIVE;
				GCC_WARN_UNUSED_FUNCTION = YES;
				GCC_WARN_UNUSED_VARIABLE = YES;
				IPHONEOS_DEPLOYMENT_TARGET = 13.5;
				MTL_ENABLE_DEBUG_INFO = NO;
				MTL_FAST_MATH = YES;
				SDKROOT = iphoneos;
				SWIFT_COMPILATION_MODE = wholemodule;
				SWIFT_OPTIMIZATION_LEVEL = "-O";
				VALIDATE_PRODUCT = YES;
			};
			name = Release;
		};
		FF29C11624B6020C008E0B48 /* Debug */ = {
			isa = XCBuildConfiguration;
			buildSettings = {
				ASSETCATALOG_COMPILER_APPICON_NAME = AppIcon;
				CODE_SIGN_STYLE = Automatic;
				INFOPLIST_FILE = Memory/Info.plist;
				LD_RUNPATH_SEARCH_PATHS = (
					"$(inherited)",
					"@executable_path/Frameworks",
				);
				PRODUCT_BUNDLE_IDENTIFIER = com.chriswithers456.Memory;
				PRODUCT_NAME = "$(TARGET_NAME)";
				SWIFT_VERSION = 5.0;
				TARGETED_DEVICE_FAMILY = "1,2";
			};
			name = Debug;
		};
		FF29C11724B6020C008E0B48 /* Release */ = {
			isa = XCBuildConfiguration;
			buildSettings = {
				ASSETCATALOG_COMPILER_APPICON_NAME = AppIcon;
				CODE_SIGN_STYLE = Automatic;
				INFOPLIST_FILE = Memory/Info.plist;
				LD_RUNPATH_SEARCH_PATHS = (
					"$(inherited)",
					"@executable_path/Frameworks",
				);
				PRODUCT_BUNDLE_IDENTIFIER = com.chriswithers456.Memory;
				PRODUCT_NAME = "$(TARGET_NAME)";
				SWIFT_VERSION = 5.0;
				TARGETED_DEVICE_FAMILY = "1,2";
			};
			name = Release;
		};
		FF29C11924B6020C008E0B48 /* Debug */ = {
			isa = XCBuildConfiguration;
			buildSettings = {
				ALWAYS_EMBED_SWIFT_STANDARD_LIBRARIES = YES;
				BUNDLE_LOADER = "$(TEST_HOST)";
				CODE_SIGN_STYLE = Automatic;
				INFOPLIST_FILE = MemoryTests/Info.plist;
				IPHONEOS_DEPLOYMENT_TARGET = 13.5;
				LD_RUNPATH_SEARCH_PATHS = (
					"$(inherited)",
					"@executable_path/Frameworks",
					"@loader_path/Frameworks",
				);
				PRODUCT_BUNDLE_IDENTIFIER = com.chriswithers456.MemoryTests;
				PRODUCT_NAME = "$(TARGET_NAME)";
				SWIFT_VERSION = 5.0;
				TARGETED_DEVICE_FAMILY = "1,2";
				TEST_HOST = "$(BUILT_PRODUCTS_DIR)/Memory.app/Memory";
			};
			name = Debug;
		};
		FF29C11A24B6020C008E0B48 /* Release */ = {
			isa = XCBuildConfiguration;
			buildSettings = {
				ALWAYS_EMBED_SWIFT_STANDARD_LIBRARIES = YES;
				BUNDLE_LOADER = "$(TEST_HOST)";
				CODE_SIGN_STYLE = Automatic;
				INFOPLIST_FILE = MemoryTests/Info.plist;
				IPHONEOS_DEPLOYMENT_TARGET = 13.5;
				LD_RUNPATH_SEARCH_PATHS = (
					"$(inherited)",
					"@executable_path/Frameworks",
					"@loader_path/Frameworks",
				);
				PRODUCT_BUNDLE_IDENTIFIER = com.chriswithers456.MemoryTests;
				PRODUCT_NAME = "$(TARGET_NAME)";
				SWIFT_VERSION = 5.0;
				TARGETED_DEVICE_FAMILY = "1,2";
				TEST_HOST = "$(BUILT_PRODUCTS_DIR)/Memory.app/Memory";
			};
			name = Release;
		};
		FF29C11C24B6020C008E0B48 /* Debug */ = {
			isa = XCBuildConfiguration;
			buildSettings = {
				ALWAYS_EMBED_SWIFT_STANDARD_LIBRARIES = YES;
				CODE_SIGN_STYLE = Automatic;
				INFOPLIST_FILE = MemoryUITests/Info.plist;
				LD_RUNPATH_SEARCH_PATHS = (
					"$(inherited)",
					"@executable_path/Frameworks",
					"@loader_path/Frameworks",
				);
				PRODUCT_BUNDLE_IDENTIFIER = com.chriswithers456.MemoryUITests;
				PRODUCT_NAME = "$(TARGET_NAME)";
				SWIFT_VERSION = 5.0;
				TARGETED_DEVICE_FAMILY = "1,2";
				TEST_TARGET_NAME = Memory;
			};
			name = Debug;
		};
		FF29C11D24B6020C008E0B48 /* Release */ = {
			isa = XCBuildConfiguration;
			buildSettings = {
				ALWAYS_EMBED_SWIFT_STANDARD_LIBRARIES = YES;
				CODE_SIGN_STYLE = Automatic;
				INFOPLIST_FILE = MemoryUITests/Info.plist;
				LD_RUNPATH_SEARCH_PATHS = (
					"$(inherited)",
					"@executable_path/Frameworks",
					"@loader_path/Frameworks",
				);
				PRODUCT_BUNDLE_IDENTIFIER = com.chriswithers456.MemoryUITests;
				PRODUCT_NAME = "$(TARGET_NAME)";
				SWIFT_VERSION = 5.0;
				TARGETED_DEVICE_FAMILY = "1,2";
				TEST_TARGET_NAME = Memory;
			};
			name = Release;
		};
/* End XCBuildConfiguration section */

/* Begin XCConfigurationList section */
		FF29C0E624B60209008E0B48 /* Build configuration list for PBXProject "Memory" */ = {
			isa = XCConfigurationList;
			buildConfigurations = (
				FF29C11324B6020C008E0B48 /* Debug */,
				FF29C11424B6020C008E0B48 /* Release */,
			);
			defaultConfigurationIsVisible = 0;
			defaultConfigurationName = Release;
		};
		FF29C11524B6020C008E0B48 /* Build configuration list for PBXNativeTarget "Memory" */ = {
			isa = XCConfigurationList;
			buildConfigurations = (
				FF29C11624B6020C008E0B48 /* Debug */,
				FF29C11724B6020C008E0B48 /* Release */,
			);
			defaultConfigurationIsVisible = 0;
			defaultConfigurationName = Release;
		};
		FF29C11824B6020C008E0B48 /* Build configuration list for PBXNativeTarget "MemoryTests" */ = {
			isa = XCConfigurationList;
			buildConfigurations = (
				FF29C11924B6020C008E0B48 /* Debug */,
				FF29C11A24B6020C008E0B48 /* Release */,
			);
			defaultConfigurationIsVisible = 0;
			defaultConfigurationName = Release;
		};
		FF29C11B24B6020C008E0B48 /* Build configuration list for PBXNativeTarget "MemoryUITests" */ = {
			isa = XCConfigurationList;
			buildConfigurations = (
				FF29C11C24B6020C008E0B48 /* Debug */,
				FF29C11D24B6020C008E0B48 /* Release */,
			);
			defaultConfigurationIsVisible = 0;
			defaultConfigurationName = Release;
		};
/* End XCConfigurationList section */
	};
	rootObject = FF29C0E324B60209008E0B48 /* Project object */;
}
